
Microsoft Visual Studio Solution File, Format Version 12.00
# Visual Studio Version 17
VisualStudioVersion = 17.14.36203.30 d17.14
MinimumVisualStudioVersion = 10.0.40219.1
Project("{FAE04EC0-301F-11D3-BF4B-00C04F79EFBC}") = "KalikoCmsClean", "KalikoCmsClean\KalikoCmsClean.csproj", "{F92C9344-425A-4CCA-8AD3-4CEF9588A4B8}"
EndProject
Global
	GlobalSection(SolutionConfigurationPlatforms) = preSolution
		Debug|Any CPU = Debug|Any CPU
		Release|Any CPU = Release|Any CPU
	EndGlobalSection
	GlobalSection(ProjectConfigurationPlatforms) = postSolution
		{F92C9344-425A-4CCA-8AD3-4CEF9588A4B8}.Debug|Any CPU.ActiveCfg = Debug|Any CPU
		{F92C9344-425A-4CCA-8AD3-4CEF9588A4B8}.Debug|Any CPU.Build.0 = Debug|Any CPU
		{F92C9344-425A-4CCA-8AD3-4CEF9588A4B8}.Release|Any CPU.ActiveCfg = Release|Any CPU
		{F92C9344-425A-4CCA-8AD3-4CEF9588A4B8}.Release|Any CPU.Build.0 = Release|Any CPU
	EndGlobalSection
	GlobalSection(SolutionProperties) = preSolution
		HideSolutionNode = FALSE
	EndGlobalSection
	GlobalSection(ExtensibilityGlobals) = postSolution
		SolutionGuid = {F6A3FFEA-88D8-4D09-B206-83FF559E7ABB}
	EndGlobalSection
EndGlobal
